// !$*UTF8*$!
{
	archiveVersion = 1;
	classes = {
	};
	objectVersion = 46;
	objects = {

/* Begin PBXBuildFile section */
		318607011C3BE94A00F8C781 /* AppDelegate.swift in Sources */ = {isa = PBXBuildFile; fileRef = 318607001C3BE94A00F8C781 /* AppDelegate.swift */; };
		318607031C3BE94A00F8C781 /* CViewController.swift in Sources */ = {isa = PBXBuildFile; fileRef = 318607021C3BE94A00F8C781 /* CViewController.swift */; };
		318607081C3BE94A00F8C781 /* Assets.xcassets in Resources */ = {isa = PBXBuildFile; fileRef = 318607071C3BE94A00F8C781 /* Assets.xcassets */; };
		3186070B1C3BE94A00F8C781 /* LaunchScreen.storyboard in Resources */ = {isa = PBXBuildFile; fileRef = 318607091C3BE94A00F8C781 /* LaunchScreen.storyboard */; };
		318607131C3BEB4D00F8C781 /* TabBarController.swift in Sources */ = {isa = PBXBuildFile; fileRef = 318607121C3BEB4D00F8C781 /* TabBarController.swift */; };
		318607151C3BF05B00F8C781 /* WViewController.swift in Sources */ = {isa = PBXBuildFile; fileRef = 318607141C3BF05B00F8C781 /* WViewController.swift */; };
		318607171C3BF09800F8C781 /* SViewController.swift in Sources */ = {isa = PBXBuildFile; fileRef = 318607161C3BF09800F8C781 /* SViewController.swift */; };
		318607191C3BF1E000F8C781 /* NavigationController.swift in Sources */ = {isa = PBXBuildFile; fileRef = 318607181C3BF1E000F8C781 /* NavigationController.swift */; };
		C3238A2F1C3FA68A00081E6E /* CharacterString.swift in Sources */ = {isa = PBXBuildFile; fileRef = C3238A2E1C3FA68A00081E6E /* CharacterString.swift */; };
		C3238A311C3FA75000081E6E /* PhraseString.swift in Sources */ = {isa = PBXBuildFile; fileRef = C3238A301C3FA75000081E6E /* PhraseString.swift */; };
		C3238A331C3FB18200081E6E /* Global.swift in Sources */ = {isa = PBXBuildFile; fileRef = C3238A321C3FB18200081E6E /* Global.swift */; };
		C339C22D1C40ADBC00947247 /* CustomView.swift in Sources */ = {isa = PBXBuildFile; fileRef = C339C22C1C40ADBC00947247 /* CustomView.swift */; };
		C339C22F1C40B11C00947247 /* UIButton+genAnimation.swift in Sources */ = {isa = PBXBuildFile; fileRef = C339C22E1C40B11C00947247 /* UIButton+genAnimation.swift */; };
		C339C2331C40B28B00947247 /* UIColor+CustomColor.swift in Sources */ = {isa = PBXBuildFile; fileRef = C339C2321C40B28B00947247 /* UIColor+CustomColor.swift */; };
		C341A7FF1C3E6008003049EE /* TermString.swift in Sources */ = {isa = PBXBuildFile; fileRef = C341A7FE1C3E6008003049EE /* TermString.swift */; };
		C358D3BB1C44F3E000B2A69B /* Int+random.swift in Sources */ = {isa = PBXBuildFile; fileRef = C358D3BA1C44F3E000B2A69B /* Int+random.swift */; };
		C358D3BD1C44F64600B2A69B /* NSArray+randomOrder.swift in Sources */ = {isa = PBXBuildFile; fileRef = C358D3BC1C44F64600B2A69B /* NSArray+randomOrder.swift */; };
/* End PBXBuildFile section */

/* Begin PBXFileReference section */
		318606FD1C3BE94A00F8C781 /* P2.app */ = {isa = PBXFileReference; explicitFileType = wrapper.application; includeInIndex = 0; path = P2.app; sourceTree = BUILT_PRODUCTS_DIR; };
		318607001C3BE94A00F8C781 /* AppDelegate.swift */ = {isa = PBXFileReference; lastKnownFileType = sourcecode.swift; lineEnding = 0; path = AppDelegate.swift; sourceTree = "<group>"; xcLanguageSpecificationIdentifier = xcode.lang.swift; };
		318607021C3BE94A00F8C781 /* CViewController.swift */ = {isa = PBXFileReference; lastKnownFileType = sourcecode.swift; path = CViewController.swift; sourceTree = "<group>"; };
		318607071C3BE94A00F8C781 /* Assets.xcassets */ = {isa = PBXFileReference; lastKnownFileType = folder.assetcatalog; path = Assets.xcassets; sourceTree = "<group>"; };
		3186070A1C3BE94A00F8C781 /* Base */ = {isa = PBXFileReference; lastKnownFileType = file.storyboard; name = Base; path = Base.lproj/LaunchScreen.storyboard; sourceTree = "<group>"; };
		3186070C1C3BE94A00F8C781 /* Info.plist */ = {isa = PBXFileReference; lastKnownFileType = text.plist.xml; path = Info.plist; sourceTree = "<group>"; };
		318607121C3BEB4D00F8C781 /* TabBarController.swift */ = {isa = PBXFileReference; fileEncoding = 4; lastKnownFileType = sourcecode.swift; path = TabBarController.swift; sourceTree = "<group>"; };
		318607141C3BF05B00F8C781 /* WViewController.swift */ = {isa = PBXFileReference; fileEncoding = 4; lastKnownFileType = sourcecode.swift; path = WViewController.swift; sourceTree = "<group>"; };
		318607161C3BF09800F8C781 /* SViewController.swift */ = {isa = PBXFileReference; fileEncoding = 4; lastKnownFileType = sourcecode.swift; path = SViewController.swift; sourceTree = "<group>"; };
		318607181C3BF1E000F8C781 /* NavigationController.swift */ = {isa = PBXFileReference; fileEncoding = 4; lastKnownFileType = sourcecode.swift; path = NavigationController.swift; sourceTree = "<group>"; };
		C3238A2E1C3FA68A00081E6E /* CharacterString.swift */ = {isa = PBXFileReference; fileEncoding = 4; lastKnownFileType = sourcecode.swift; lineEnding = 0; path = CharacterString.swift; sourceTree = "<group>"; xcLanguageSpecificationIdentifier = xcode.lang.swift; };
		C3238A301C3FA75000081E6E /* PhraseString.swift */ = {isa = PBXFileReference; fileEncoding = 4; lastKnownFileType = sourcecode.swift; path = PhraseString.swift; sourceTree = "<group>"; };
		C3238A321C3FB18200081E6E /* Global.swift */ = {isa = PBXFileReference; fileEncoding = 4; lastKnownFileType = sourcecode.swift; path = Global.swift; sourceTree = "<group>"; };
		C339C22C1C40ADBC00947247 /* CustomView.swift */ = {isa = PBXFileReference; fileEncoding = 4; lastKnownFileType = sourcecode.swift; path = CustomView.swift; sourceTree = "<group>"; };
		C339C22E1C40B11C00947247 /* UIButton+genAnimation.swift */ = {isa = PBXFileReference; fileEncoding = 4; lastKnownFileType = sourcecode.swift; path = "UIButton+genAnimation.swift"; sourceTree = "<group>"; };
		C339C2321C40B28B00947247 /* UIColor+CustomColor.swift */ = {isa = PBXFileReference; fileEncoding = 4; lastKnownFileType = sourcecode.swift; path = "UIColor+CustomColor.swift"; sourceTree = "<group>"; };
		C341A7FE1C3E6008003049EE /* TermString.swift */ = {isa = PBXFileReference; fileEncoding = 4; lastKnownFileType = sourcecode.swift; path = TermString.swift; sourceTree = "<group>"; };
		C358D3BA1C44F3E000B2A69B /* Int+random.swift */ = {isa = PBXFileReference; fileEncoding = 4; lastKnownFileType = sourcecode.swift; path = "Int+random.swift"; sourceTree = "<group>"; };
		C358D3BC1C44F64600B2A69B /* NSArray+randomOrder.swift */ = {isa = PBXFileReference; fileEncoding = 4; lastKnownFileType = sourcecode.swift; path = "NSArray+randomOrder.swift"; sourceTree = "<group>"; };
/* End PBXFileReference section */

/* Begin PBXFrameworksBuildPhase section */
		318606FA1C3BE94A00F8C781 /* Frameworks */ = {
			isa = PBXFrameworksBuildPhase;
			buildActionMask = 2147483647;
			files = (
			);
			runOnlyForDeploymentPostprocessing = 0;
		};
/* End PBXFrameworksBuildPhase section */

/* Begin PBXGroup section */
		318606F41C3BE94A00F8C781 = {
			isa = PBXGroup;
			children = (
				318606FF1C3BE94A00F8C781 /* P2 */,
				318606FE1C3BE94A00F8C781 /* Products */,
			);
			sourceTree = "<group>";
		};
		318606FE1C3BE94A00F8C781 /* Products */ = {
			isa = PBXGroup;
			children = (
				318606FD1C3BE94A00F8C781 /* P2.app */,
			);
			name = Products;
			sourceTree = "<group>";
		};
		318606FF1C3BE94A00F8C781 /* P2 */ = {
			isa = PBXGroup;
			children = (
				318607001C3BE94A00F8C781 /* AppDelegate.swift */,
				318607121C3BEB4D00F8C781 /* TabBarController.swift */,
				318607181C3BF1E000F8C781 /* NavigationController.swift */,
				C339C2351C40B97B00947247 /* ViewController */,
				C341A7FD1C3E5FDE003049EE /* Data */,
				C3238A321C3FB18200081E6E /* Global.swift */,
				C339C22C1C40ADBC00947247 /* CustomView.swift */,
				C339C2341C40B91500947247 /* extension */,
				318607071C3BE94A00F8C781 /* Assets.xcassets */,
				318607091C3BE94A00F8C781 /* LaunchScreen.storyboard */,
				3186070C1C3BE94A00F8C781 /* Info.plist */,
			);
			path = P2;
			sourceTree = "<group>";
		};
		C339C2341C40B91500947247 /* extension */ = {
			isa = PBXGroup;
			children = (
				C339C22E1C40B11C00947247 /* UIButton+genAnimation.swift */,
				C339C2321C40B28B00947247 /* UIColor+CustomColor.swift */,
				C358D3BA1C44F3E000B2A69B /* Int+random.swift */,
				C358D3BC1C44F64600B2A69B /* NSArray+randomOrder.swift */,
			);
			name = extension;
			sourceTree = "<group>";
		};
		C339C2351C40B97B00947247 /* ViewController */ = {
			isa = PBXGroup;
			children = (
				318607021C3BE94A00F8C781 /* CViewController.swift */,
				318607141C3BF05B00F8C781 /* WViewController.swift */,
				318607161C3BF09800F8C781 /* SViewController.swift */,
			);
			name = ViewController;
			sourceTree = "<group>";
		};
		C341A7FD1C3E5FDE003049EE /* Data */ = {
			isa = PBXGroup;
			children = (
				C3238A2E1C3FA68A00081E6E /* CharacterString.swift */,
				C341A7FE1C3E6008003049EE /* TermString.swift */,
				C3238A301C3FA75000081E6E /* PhraseString.swift */,
			);
			name = Data;
			sourceTree = "<group>";
		};
/* End PBXGroup section */

/* Begin PBXNativeTarget section */
		318606FC1C3BE94A00F8C781 /* P2 */ = {
			isa = PBXNativeTarget;
			buildConfigurationList = 3186070F1C3BE94A00F8C781 /* Build configuration list for PBXNativeTarget "P2" */;
			buildPhases = (
				318606F91C3BE94A00F8C781 /* Sources */,
				318606FA1C3BE94A00F8C781 /* Frameworks */,
				318606FB1C3BE94A00F8C781 /* Resources */,
			);
			buildRules = (
			);
			dependencies = (
			);
			name = P2;
			productName = P2;
			productReference = 318606FD1C3BE94A00F8C781 /* P2.app */;
			productType = "com.apple.product-type.application";
		};
/* End PBXNativeTarget section */

/* Begin PBXProject section */
		318606F51C3BE94A00F8C781 /* Project object */ = {
			isa = PBXProject;
			attributes = {
				LastSwiftUpdateCheck = 0720;
				LastUpgradeCheck = 0720;
				ORGANIZATIONNAME = xiaoyao;
				TargetAttributes = {
					318606FC1C3BE94A00F8C781 = {
						CreatedOnToolsVersion = 7.2;
					};
				};
			};
			buildConfigurationList = 318606F81C3BE94A00F8C781 /* Build configuration list for PBXProject "P2" */;
			compatibilityVersion = "Xcode 3.2";
			developmentRegion = English;
			hasScannedForEncodings = 0;
			knownRegions = (
				en,
				Base,
			);
			mainGroup = 318606F41C3BE94A00F8C781;
			productRefGroup = 318606FE1C3BE94A00F8C781 /* Products */;
			projectDirPath = "";
			projectRoot = "";
			targets = (
				318606FC1C3BE94A00F8C781 /* P2 */,
			);
		};
/* End PBXProject section */

/* Begin PBXResourcesBuildPhase section */
		318606FB1C3BE94A00F8C781 /* Resources */ = {
			isa = PBXResourcesBuildPhase;
			buildActionMask = 2147483647;
			files = (
				3186070B1C3BE94A00F8C781 /* LaunchScreen.storyboard in Resources */,
				318607081C3BE94A00F8C781 /* Assets.xcassets in Resources */,
			);
			runOnlyForDeploymentPostprocessing = 0;
		};
/* End PBXResourcesBuildPhase section */

/* Begin PBXSourcesBuildPhase section */
		318606F91C3BE94A00F8C781 /* Sources */ = {
			isa = PBXSourcesBuildPhase;
			buildActionMask = 2147483647;
			files = (
				C358D3BB1C44F3E000B2A69B /* Int+random.swift in Sources */,
				C341A7FF1C3E6008003049EE /* TermString.swift in Sources */,
				C339C22F1C40B11C00947247 /* UIButton+genAnimation.swift in Sources */,
				C339C2331C40B28B00947247 /* UIColor+CustomColor.swift in Sources */,
				318607191C3BF1E000F8C781 /* NavigationController.swift in Sources */,
				318607131C3BEB4D00F8C781 /* TabBarController.swift in Sources */,
				318607171C3BF09800F8C781 /* SViewController.swift in Sources */,
				C3238A2F1C3FA68A00081E6E /* CharacterString.swift in Sources */,
				318607031C3BE94A00F8C781 /* CViewController.swift in Sources */,
				C339C22D1C40ADBC00947247 /* CustomView.swift in Sources */,
				C3238A311C3FA75000081E6E /* PhraseString.swift in Sources */,
				318607151C3BF05B00F8C781 /* WViewController.swift in Sources */,
				C3238A331C3FB18200081E6E /* Global.swift in Sources */,
				318607011C3BE94A00F8C781 /* AppDelegate.swift in Sources */,
				C358D3BD1C44F64600B2A69B /* NSArray+randomOrder.swift in Sources */,
			);
			runOnlyForDeploymentPostprocessing = 0;
		};
/* End PBXSourcesBuildPhase section */

/* Begin PBXVariantGroup section */
		318607091C3BE94A00F8C781 /* LaunchScreen.storyboard */ = {
			isa = PBXVariantGroup;
			children = (
				3186070A1C3BE94A00F8C781 /* Base */,
			);
			name = LaunchScreen.storyboard;
			sourceTree = "<group>";
		};
/* End PBXVariantGroup section */

/* Begin XCBuildConfiguration section */
		3186070D1C3BE94A00F8C781 /* Debug */ = {
			isa = XCBuildConfiguration;
			buildSettings = {
				ALWAYS_SEARCH_USER_PATHS = NO;
				CLANG_CXX_LANGUAGE_STANDARD = "gnu++0x";
				CLANG_CXX_LIBRARY = "libc++";
				CLANG_ENABLE_MODULES = YES;
				CLANG_ENABLE_OBJC_ARC = YES;
				CLANG_WARN_BOOL_CONVERSION = YES;
				CLANG_WARN_CONSTANT_CONVERSION = YES;
				CLANG_WARN_DIRECT_OBJC_ISA_USAGE = YES_ERROR;
				CLANG_WARN_EMPTY_BODY = YES;
				CLANG_WARN_ENUM_CONVERSION = YES;
				CLANG_WARN_INT_CONVERSION = YES;
				CLANG_WARN_OBJC_ROOT_CLASS = YES_ERROR;
				CLANG_WARN_UNREACHABLE_CODE = YES;
				CLANG_WARN__DUPLICATE_METHOD_MATCH = YES;
				"CODE_SIGN_IDENTITY[sdk=iphoneos*]" = "iPhone Developer";
				COPY_PHASE_STRIP = NO;
				DEBUG_INFORMATION_FORMAT = dwarf;
				ENABLE_STRICT_OBJC_MSGSEND = YES;
				ENABLE_TESTABILITY = YES;
				GCC_C_LANGUAGE_STANDARD = gnu99;
				GCC_DYNAMIC_NO_PIC = NO;
				GCC_NO_COMMON_BLOCKS = YES;
				GCC_OPTIMIZATION_LEVEL = 0;
				GCC_PREPROCESSOR_DEFINITIONS = (
					"DEBUG=1",
					"$(inherited)",
				);
				GCC_WARN_64_TO_32_BIT_CONVERSION = YES;
				GCC_WARN_ABOUT_RETURN_TYPE = YES_ERROR;
				GCC_WARN_UNDECLARED_SELECTOR = YES;
				GCC_WARN_UNINITIALIZED_AUTOS = YES_AGGRESSIVE;
				GCC_WARN_UNUSED_FUNCTION = YES;
				GCC_WARN_UNUSED_VARIABLE = YES;
				IPHONEOS_DEPLOYMENT_TARGET = 9.2;
				MTL_ENABLE_DEBUG_INFO = YES;
				ONLY_ACTIVE_ARCH = YES;
				SDKROOT = iphoneos;
				SWIFT_OPTIMIZATION_LEVEL = "-Onone";
			};
			name = Debug;
		};
		3186070E1C3BE94A00F8C781 /* Release */ = {
			isa = XCBuildConfiguration;
			buildSettings = {
				ALWAYS_SEARCH_USER_PATHS = NO;
				CLANG_CXX_LANGUAGE_STANDARD = "gnu++0x";
				CLANG_CXX_LIBRARY = "libc++";
				CLANG_ENABLE_MODULES = YES;
				CLANG_ENABLE_OBJC_ARC = YES;
				CLANG_WARN_BOOL_CONVERSION = YES;
				CLANG_WARN_CONSTANT_CONVERSION = YES;
				CLANG_WARN_DIRECT_OBJC_ISA_USAGE = YES_ERROR;
				CLANG_WARN_EMPTY_BODY = YES;
				CLANG_WARN_ENUM_CONVERSION = YES;
				CLANG_WARN_INT_CONVERSION = YES;
				CLANG_WARN_OBJC_ROOT_CLASS = YES_ERROR;
				CLANG_WARN_UNREACHABLE_CODE = YES;
				CLANG_WARN__DUPLICATE_METHOD_MATCH = YES;
				"CODE_SIGN_IDENTITY[sdk=iphoneos*]" = "iPhone Developer";
				COPY_PHASE_STRIP = NO;
				DEBUG_INFORMATION_FORMAT = "dwarf-with-dsym";
				ENABLE_NS_ASSERTIONS = NO;
				ENABLE_STRICT_OBJC_MSGSEND = YES;
				GCC_C_LANGUAGE_STANDARD = gnu99;
				GCC_NO_COMMON_BLOCKS = YES;
				GCC_WARN_64_TO_32_BIT_CONVERSION = YES;
				GCC_WARN_ABOUT_RETURN_TYPE = YES_ERROR;
				GCC_WARN_UNDECLARED_SELECTOR = YES;
				GCC_WARN_UNINITIALIZED_AUTOS = YES_AGGRESSIVE;
				GCC_WARN_UNUSED_FUNCTION = YES;
				GCC_WARN_UNUSED_VARIABLE = YES;
				IPHONEOS_DEPLOYMENT_TARGET = 9.2;
				MTL_ENABLE_DEBUG_INFO = NO;
				SDKROOT = iphoneos;
				VALIDATE_PRODUCT = YES;
			};
			name = Release;
		};
		318607101C3BE94A00F8C781 /* Debug */ = {
			isa = XCBuildConfiguration;
			buildSettings = {
				ASSETCATALOG_COMPILER_APPICON_NAME = AppIcon;
				INFOPLIST_FILE = P2/Info.plist;
				LD_RUNPATH_SEARCH_PATHS = "$(inherited) @executable_path/Frameworks";
				PRODUCT_BUNDLE_IDENTIFIER = myname.com.P2.1;
				PRODUCT_NAME = "$(TARGET_NAME)";
			};
			name = Debug;
		};
		318607111C3BE94A00F8C781 /* Release */ = {
			isa = XCBuildConfiguration;
			buildSettings = {
				ASSETCATALOG_COMPILER_APPICON_NAME = AppIcon;
				INFOPLIST_FILE = P2/Info.plist;
				LD_RUNPATH_SEARCH_PATHS = "$(inherited) @executable_path/Frameworks";
				PRODUCT_BUNDLE_IDENTIFIER = myname.com.P2.1;
				PRODUCT_NAME = "$(TARGET_NAME)";
			};
			name = Release;
		};
/* End XCBuildConfiguration section */

/* Begin XCConfigurationList section */
		318606F81C3BE94A00F8C781 /* Build configuration list for PBXProject "P2" */ = {
			isa = XCConfigurationList;
			buildConfigurations = (
				3186070D1C3BE94A00F8C781 /* Debug */,
				3186070E1C3BE94A00F8C781 /* Release */,
			);
			defaultConfigurationIsVisible = 0;
			defaultConfigurationName = Release;
		};
		3186070F1C3BE94A00F8C781 /* Build configuration list for PBXNativeTarget "P2" */ = {
			isa = XCConfigurationList;
			buildConfigurations = (
				318607101C3BE94A00F8C781 /* Debug */,
				318607111C3BE94A00F8C781 /* Release */,
			);
			defaultConfigurationIsVisible = 0;
			defaultConfigurationName = Release;
		};
/* End XCConfigurationList section */
	};
	rootObject = 318606F51C3BE94A00F8C781 /* Project object */;
}
